
Microsoft Visual Studio Solution File, Format Version 12.00
# Visual Studio Version 17
VisualStudioVersion = 17.6.33829.357
MinimumVisualStudioVersion = 10.0.40219.1
Project("{2150E333-8FDC-42A3-9474-1A3956D46DE8}") = "Solution Items", "Solution Items", "{9537788E-B599-4191-B918-2016B5D4FE00}"
	ProjectSection(SolutionItems) = preProject
		.editorconfig = .editorconfig
	EndProjectSection
EndProject
Project("{9A19103F-16F7-4668-BE54-9A1E7A4F7556}") = "HR.API.Tests", "HR.API.Tests\HR.API.Tests.csproj", "{7439A3EA-704E-46A3-AEEF-B062E0A38308}"
EndProject
Project("{9A19103F-16F7-4668-BE54-9A1E7A4F7556}") = "HrApi", "Hr.Api\HrApi.csproj", "{893895F8-88F9-4FB4-9D13-90A03BBFA2AA}"
EndProject
Project("{9A19103F-16F7-4668-BE54-9A1E7A4F7556}") = "HR.DataAcces", "HR.DataAcces\HR.DataAcces.csproj", "{1248D4C4-840A-48DC-A64D-062DE561FC18}"
EndProject
Global
	GlobalSection(SolutionConfigurationPlatforms) = preSolution
		Debug|Any CPU = Debug|Any CPU
		Release|Any CPU = Release|Any CPU
	EndGlobalSection
	GlobalSection(ProjectConfigurationPlatforms) = postSolution
		{7439A3EA-704E-46A3-AEEF-B062E0A38308}.Debug|Any CPU.ActiveCfg = Debug|Any CPU
		{7439A3EA-704E-46A3-AEEF-B062E0A38308}.Debug|Any CPU.Build.0 = Debug|Any CPU
		{7439A3EA-704E-46A3-AEEF-B062E0A38308}.Release|Any CPU.ActiveCfg = Release|Any CPU
		{7439A3EA-704E-46A3-AEEF-B062E0A38308}.Release|Any CPU.Build.0 = Release|Any CPU
		{893895F8-88F9-4FB4-9D13-90A03BBFA2AA}.Debug|Any CPU.ActiveCfg = Debug|Any CPU
		{893895F8-88F9-4FB4-9D13-90A03BBFA2AA}.Debug|Any CPU.Build.0 = Debug|Any CPU
		{893895F8-88F9-4FB4-9D13-90A03BBFA2AA}.Release|Any CPU.ActiveCfg = Release|Any CPU
		{893895F8-88F9-4FB4-9D13-90A03BBFA2AA}.Release|Any CPU.Build.0 = Release|Any CPU
		{1248D4C4-840A-48DC-A64D-062DE561FC18}.Debug|Any CPU.ActiveCfg = Debug|Any CPU
		{1248D4C4-840A-48DC-A64D-062DE561FC18}.Debug|Any CPU.Build.0 = Debug|Any CPU
		{1248D4C4-840A-48DC-A64D-062DE561FC18}.Release|Any CPU.ActiveCfg = Release|Any CPU
		{1248D4C4-840A-48DC-A64D-062DE561FC18}.Release|Any CPU.Build.0 = Release|Any CPU
	EndGlobalSection
	GlobalSection(SolutionProperties) = preSolution
		HideSolutionNode = FALSE
	EndGlobalSection
	GlobalSection(ExtensibilityGlobals) = postSolution
		SolutionGuid = {7F78AE5F-0D69-4AD2-8306-39AF2859E20B}
	EndGlobalSection
EndGlobal
